<?xml version="1.0" encoding="utf-8"?>
<Project ToolsVersion="4.0" xmlns="http://schemas.microsoft.com/developer/msbuild/2003">
  <ItemGroup>
    <Filter Include="Source Files">
      <UniqueIdentifier>{4FC737F1-C7A5-4376-A066-2A32D752A2FF}</UniqueIdentifier>
      <Extensions>cpp;c;cc;cxx;c++;cppm;ixx;def;odl;idl;hpj;bat;asm;asmx</Extensions>
    </Filter>
    <Filter Include="Header Files">
      <UniqueIdentifier>{93995380-89BD-4b04-88EB-625FBE52EBFB}</UniqueIdentifier>
      <Extensions>h;hh;hpp;hxx;h++;hm;inl;inc;ipp;xsd</Extensions>
    </Filter>
  </ItemGroup>
  <ItemGroup>
    <ClInclude Include="include\dpl_Association.h">
      <Filter>Header Files</Filter>
    </ClInclude>
    <ClInclude Include="include\dpl_Sequence.h">
      <Filter>Header Files</Filter>
    </ClInclude>
    <ClInclude Include="include\dpl_Chain.h">
      <Filter>Header Files</Filter>
    </ClInclude>
    <ClInclude Include="include\dpl_ReadOnly.h">
      <Filter>Header Files</Filter>
    </ClInclude>
    <ClInclude Include="include\dpl_Swap.h">
      <Filter>Header Files</Filter>
    </ClInclude>
    <ClInclude Include="include\dpl_Composite.h">
      <Filter>Header Files</Filter>
    </ClInclude>
    <ClInclude Include="include\dpl_GeneralException.h">
      <Filter>Header Files</Filter>
    </ClInclude>
    <ClInclude Include="include\dpl_Singleton.h">
      <Filter>Header Files</Filter>
    </ClInclude>
    <ClInclude Include="include\dpl_Unique.h">
      <Filter>Header Files</Filter>
    </ClInclude>
    <ClInclude Include="include\dpl_Compendium.h">
      <Filter>Header Files</Filter>
    </ClInclude>
    <ClInclude Include="include\dpl_Subject.h">
      <Filter>Header Files</Filter>
    </ClInclude>
    <ClInclude Include="include\dpl_VirtualConstructable.h">
      <Filter>Header Files</Filter>
    </ClInclude>
    <ClInclude Include="include\dpl_Variation.h">
      <Filter>Header Files</Filter>
    </ClInclude>
    <ClInclude Include="include\dpl_Result.h">
      <Filter>Header Files</Filter>
    </ClInclude>
    <ClInclude Include="include\dpl_NamedType.h">
      <Filter>Header Files</Filter>
    </ClInclude>
    <ClInclude Include="include\dpl_Indexable.h">
      <Filter>Header Files</Filter>
    </ClInclude>
    <ClInclude Include="include\dpl_EventDispatcher.h">
      <Filter>Header Files</Filter>
    </ClInclude>
    <ClInclude Include="include\dpl_Command.h">
      <Filter>Header Files</Filter>
    </ClInclude>
    <ClInclude Include="include\dpl_Mask.h">
      <Filter>Header Files</Filter>
    </ClInclude>
    <ClInclude Include="include\dpl_Repository.h">
      <Filter>Header Files</Filter>
    </ClInclude>
    <ClInclude Include="include\dpl_Buffer.h">
      <Filter>Header Files</Filter>
    </ClInclude>
    <ClInclude Include="include\dpl_Range.h">
      <Filter>Header Files</Filter>
    </ClInclude>
    <ClInclude Include="include\dpl_ThreadPool.h">
      <Filter>Header Files</Filter>
    </ClInclude>
    <ClInclude Include="include\dpl_TypeLock.h">
      <Filter>Header Files</Filter>
    </ClInclude>
    <ClInclude Include="include\dpl_Ownership.h">
      <Filter>Header Files</Filter>
    </ClInclude>
    <ClInclude Include="include\dpl_Archive.h">
      <Filter>Header Files</Filter>
    </ClInclude>
    <ClInclude Include="include\dpl_Labelable.h">
      <Filter>Header Files</Filter>
    </ClInclude>
    <ClInclude Include="include\dpl_Binary.h">
      <Filter>Header Files</Filter>
    </ClInclude>
    <ClInclude Include="include\dpl_ResourceControl.h">
      <Filter>Header Files</Filter>
    </ClInclude>
    <ClInclude Include="include\dpl_DynamicBuffer.h">
      <Filter>Header Files</Filter>
    </ClInclude>
    <ClInclude Include="include\dpl_Logger.h">
      <Filter>Header Files</Filter>
    </ClInclude>
    <ClInclude Include="include\dpl_Timer.h">
      <Filter>Header Files</Filter>
    </ClInclude>
    <ClInclude Include="include\dpl_StateMachine.h">
      <Filter>Header Files</Filter>
    </ClInclude>
    <ClInclude Include="include\dpl_DataTransfer.h">
      <Filter>Header Files</Filter>
    </ClInclude>
    <ClInclude Include="include\dpl_TypeTraits.h">
      <Filter>Header Files</Filter>
    </ClInclude>
    <ClInclude Include="include\dpl_Relations.h">
      <Filter>Header Files</Filter>
    </ClInclude>
    <ClInclude Include="include\dpl_Distributor.h">
      <Filter>Header Files</Filter>
    </ClInclude>
    <ClInclude Include="include\dpl_DynamicArray.h">
      <Filter>Header Files</Filter>
    </ClInclude>
    <ClInclude Include="include\dpl_StaticHolder.h">
      <Filter>Header Files</Filter>
    </ClInclude>
    <ClInclude Include="include\dpl_std_addons.h">
      <Filter>Header Files</Filter>
    </ClInclude>
    <ClInclude Include="include\dpl_ClassInfo.h">
      <Filter>Header Files</Filter>
    </ClInclude>
    <ClInclude Include="include\dpl_Values.h">
      <Filter>Header Files</Filter>
    </ClInclude>
  </ItemGroup>
  <ItemGroup>
    <Text Include="dpl_TODO.txt" />
  </ItemGroup>
</Project>